// !$*UTF8*$!
{
	archiveVersion = 1;
	classes = {
	};
	objectVersion = 55;
	objects = {

/* Begin PBXBuildFile section */
		201670F62CCCC20E00AD5E48 /* Assets.xcassets in Resources */ = {isa = PBXBuildFile; fileRef = 201670ED2CCCC20E00AD5E48 /* Assets.xcassets */; };
		201670FA2CCCC20E00AD5E48 /* AppDelegate.swift in Sources */ = {isa = PBXBuildFile; fileRef = 201670EC2CCCC20E00AD5E48 /* AppDelegate.swift */; };
		201670FB2CCCC20E00AD5E48 /* SceneDelegate.swift in Sources */ = {isa = PBXBuildFile; fileRef = 201670F32CCCC20E00AD5E48 /* SceneDelegate.swift */; };
		201670FC2CCCC20E00AD5E48 /* ViewController.swift in Sources */ = {isa = PBXBuildFile; fileRef = 201670F42CCCC20E00AD5E48 /* ViewController.swift */; };
		201670FD2CCCC20E00AD5E48 /* Base in Resources */ = {isa = PBXBuildFile; fileRef = 201670EF2CCCC20E00AD5E48 /* Base */; };
		201670FE2CCCC20E00AD5E48 /* Base in Resources */ = {isa = PBXBuildFile; fileRef = 201670F12CCCC20E00AD5E48 /* Base */; };
		201671012CCCC21000AD5E48 /* uitestelements2UITests.swift in Sources */ = {isa = PBXBuildFile; fileRef = 201670FF2CCCC21000AD5E48 /* uitestelements2UITests.swift */; };
/* End PBXBuildFile section */

/* Begin PBXContainerItemProxy section */
		201670E72CCCC1FC00AD5E48 /* PBXContainerItemProxy */ = {
			isa = PBXContainerItemProxy;
			containerPortal = 201670BC2CCCBF2A00AD5E48 /* Project object */;
			proxyType = 1;
			remoteGlobalIDString = 201670C32CCCBF2A00AD5E48;
			remoteInfo = uitestelements2;
		};
/* End PBXContainerItemProxy section */

/* Begin PBXFileReference section */
		201670C42CCCBF2A00AD5E48 /* uitestelements2.app */ = {isa = PBXFileReference; explicitFileType = wrapper.application; includeInIndex = 0; path = uitestelements2.app; sourceTree = BUILT_PRODUCTS_DIR; };
		201670E12CCCC1FC00AD5E48 /* uitestelements2UITests.xctest */ = {isa = PBXFileReference; explicitFileType = wrapper.cfbundle; includeInIndex = 0; path = uitestelements2UITests.xctest; sourceTree = BUILT_PRODUCTS_DIR; };
		201670EC2CCCC20E00AD5E48 /* AppDelegate.swift */ = {isa = PBXFileReference; lastKnownFileType = sourcecode.swift; path = AppDelegate.swift; sourceTree = "<group>"; };
		201670ED2CCCC20E00AD5E48 /* Assets.xcassets */ = {isa = PBXFileReference; lastKnownFileType = folder.assetcatalog; path = Assets.xcassets; sourceTree = "<group>"; };
		201670EE2CCCC20E00AD5E48 /* Info.plist */ = {isa = PBXFileReference; lastKnownFileType = text.plist.xml; path = Info.plist; sourceTree = "<group>"; };
		201670EF2CCCC20E00AD5E48 /* Base */ = {isa = PBXFileReference; lastKnownFileType = file.storyboard; name = Base; path = Base.lproj/LaunchScreen.storyboard; sourceTree = "<group>"; };
		201670F12CCCC20E00AD5E48 /* Base */ = {isa = PBXFileReference; lastKnownFileType = file.storyboard; name = Base; path = Base.lproj/Main.storyboard; sourceTree = "<group>"; };
		201670F32CCCC20E00AD5E48 /* SceneDelegate.swift */ = {isa = PBXFileReference; lastKnownFileType = sourcecode.swift; path = SceneDelegate.swift; sourceTree = "<group>"; };
		201670F42CCCC20E00AD5E48 /* ViewController.swift */ = {isa = PBXFileReference; lastKnownFileType = sourcecode.swift; path = ViewController.swift; sourceTree = "<group>"; };
		201670FF2CCCC21000AD5E48 /* uitestelements2UITests.swift */ = {isa = PBXFileReference; lastKnownFileType = sourcecode.swift; path = uitestelements2UITests.swift; sourceTree = "<group>"; };
/* End PBXFileReference section */

/* Begin PBXFrameworksBuildPhase section */
		201670C12CCCBF2A00AD5E48 /* Frameworks */ = {
			isa = PBXFrameworksBuildPhase;
			buildActionMask = 2147483647;
			files = (
			);
			runOnlyForDeploymentPostprocessing = 0;
		};
		201670DE2CCCC1FC00AD5E48 /* Frameworks */ = {
			isa = PBXFrameworksBuildPhase;
			buildActionMask = 2147483647;
			files = (
			);
			runOnlyForDeploymentPostprocessing = 0;
		};
/* End PBXFrameworksBuildPhase section */

/* Begin PBXGroup section */
		201670BB2CCCBF2A00AD5E48 = {
			isa = PBXGroup;
			children = (
				201670F52CCCC20E00AD5E48 /* uitestelements2 */,
				201671002CCCC21000AD5E48 /* uitestelements2UITests */,
				201670C52CCCBF2A00AD5E48 /* Products */,
			);
			sourceTree = "<group>";
		};
		201670C52CCCBF2A00AD5E48 /* Products */ = {
			isa = PBXGroup;
			children = (
				201670C42CCCBF2A00AD5E48 /* uitestelements2.app */,
				201670E12CCCC1FC00AD5E48 /* uitestelements2UITests.xctest */,
			);
			name = Products;
			sourceTree = "<group>";
		};
		201670F52CCCC20E00AD5E48 /* uitestelements2 */ = {
			isa = PBXGroup;
			children = (
				201670EC2CCCC20E00AD5E48 /* AppDelegate.swift */,
				201670ED2CCCC20E00AD5E48 /* Assets.xcassets */,
				201670EE2CCCC20E00AD5E48 /* Info.plist */,
				201670F02CCCC20E00AD5E48 /* LaunchScreen.storyboard */,
				201670F22CCCC20E00AD5E48 /* Main.storyboard */,
				201670F32CCCC20E00AD5E48 /* SceneDelegate.swift */,
				201670F42CCCC20E00AD5E48 /* ViewController.swift */,
			);
			path = uitestelements2;
			sourceTree = "<group>";
		};
		201671002CCCC21000AD5E48 /* uitestelements2UITests */ = {
			isa = PBXGroup;
			children = (
				201670FF2CCCC21000AD5E48 /* uitestelements2UITests.swift */,
			);
			path = uitestelements2UITests;
			sourceTree = "<group>";
		};
/* End PBXGroup section */

/* Begin PBXNativeTarget section */
		201670C32CCCBF2A00AD5E48 /* uitestelements2 */ = {
			isa = PBXNativeTarget;
			buildConfigurationList = 201670D72CCCBF2B00AD5E48 /* Build configuration list for PBXNativeTarget "uitestelements2" */;
			buildPhases = (
				201670C02CCCBF2A00AD5E48 /* Sources */,
				201670C12CCCBF2A00AD5E48 /* Frameworks */,
				201670C22CCCBF2A00AD5E48 /* Resources */,
			);
			buildRules = (
			);
			dependencies = (
			);
			name = uitestelements2;
			packageProductDependencies = (
			);
			productName = uitestelements2;
			productReference = 201670C42CCCBF2A00AD5E48 /* uitestelements2.app */;
			productType = "com.apple.product-type.application";
		};
		201670E02CCCC1FC00AD5E48 /* uitestelements2UITests */ = {
			isa = PBXNativeTarget;
			buildConfigurationList = 201670E92CCCC1FC00AD5E48 /* Build configuration list for PBXNativeTarget "uitestelements2UITests" */;
			buildPhases = (
				201670DD2CCCC1FC00AD5E48 /* Sources */,
				201670DE2CCCC1FC00AD5E48 /* Frameworks */,
				201670DF2CCCC1FC00AD5E48 /* Resources */,
			);
			buildRules = (
			);
			dependencies = (
				201670E82CCCC1FC00AD5E48 /* PBXTargetDependency */,
			);
			name = uitestelements2UITests;
			packageProductDependencies = (
			);
			productName = uitestelements2UITests;
			productReference = 201670E12CCCC1FC00AD5E48 /* uitestelements2UITests.xctest */;
			productType = "com.apple.product-type.bundle.ui-testing";
		};
/* End PBXNativeTarget section */

/* Begin PBXProject section */
		201670BC2CCCBF2A00AD5E48 /* Project object */ = {
			isa = PBXProject;
			attributes = {
				BuildIndependentTargetsInParallel = 1;
				LastSwiftUpdateCheck = 1600;
				LastUpgradeCheck = 1600;
				TargetAttributes = {
					201670C32CCCBF2A00AD5E48 = {
						CreatedOnToolsVersion = 16.0;
					};
					201670E02CCCC1FC00AD5E48 = {
						CreatedOnToolsVersion = 16.0;
						TestTargetID = 201670C32CCCBF2A00AD5E48;
					};
				};
			};
			buildConfigurationList = 201670BF2CCCBF2A00AD5E48 /* Build configuration list for PBXProject "uitestelements2" */;
			compatibilityVersion = "Xcode 13.0";
			developmentRegion = en;
			hasScannedForEncodings = 0;
			knownRegions = (
				en,
				Base,
			);
			mainGroup = 201670BB2CCCBF2A00AD5E48;
			productRefGroup = 201670C52CCCBF2A00AD5E48 /* Products */;
			projectDirPath = "";
			projectRoot = "";
			targets = (
				201670C32CCCBF2A00AD5E48 /* uitestelements2 */,
				201670E02CCCC1FC00AD5E48 /* uitestelements2UITests */,
			);
		};
/* End PBXProject section */

/* Begin PBXResourcesBuildPhase section */
		201670C22CCCBF2A00AD5E48 /* Resources */ = {
			isa = PBXResourcesBuildPhase;
			buildActionMask = 2147483647;
			files = (
				201670FD2CCCC20E00AD5E48 /* Base in Resources */,
				201670FE2CCCC20E00AD5E48 /* Base in Resources */,
				201670F62CCCC20E00AD5E48 /* Assets.xcassets in Resources */,
			);
			runOnlyForDeploymentPostprocessing = 0;
		};
		201670DF2CCCC1FC00AD5E48 /* Resources */ = {
			isa = PBXResourcesBuildPhase;
			buildActionMask = 2147483647;
			files = (
			);
			runOnlyForDeploymentPostprocessing = 0;
		};
/* End PBXResourcesBuildPhase section */

/* Begin PBXSourcesBuildPhase section */
		201670C02CCCBF2A00AD5E48 /* Sources */ = {
			isa = PBXSourcesBuildPhase;
			buildActionMask = 2147483647;
			files = (
				201670FA2CCCC20E00AD5E48 /* AppDelegate.swift in Sources */,
				201670FB2CCCC20E00AD5E48 /* SceneDelegate.swift in Sources */,
				201670FC2CCCC20E00AD5E48 /* ViewController.swift in Sources */,
			);
			runOnlyForDeploymentPostprocessing = 0;
		};
		201670DD2CCCC1FC00AD5E48 /* Sources */ = {
			isa = PBXSourcesBuildPhase;
			buildActionMask = 2147483647;
			files = (
				201671012CCCC21000AD5E48 /* uitestelements2UITests.swift in Sources */,
			);
			runOnlyForDeploymentPostprocessing = 0;
		};
/* End PBXSourcesBuildPhase section */

/* Begin PBXTargetDependency section */
		201670E82CCCC1FC00AD5E48 /* PBXTargetDependency */ = {
			isa = PBXTargetDependency;
			target = 201670C32CCCBF2A00AD5E48 /* uitestelements2 */;
			targetProxy = 201670E72CCCC1FC00AD5E48 /* PBXContainerItemProxy */;
		};
/* End PBXTargetDependency section */

/* Begin PBXVariantGroup section */
		201670F02CCCC20E00AD5E48 /* LaunchScreen.storyboard */ = {
			isa = PBXVariantGroup;
			children = (
				201670EF2CCCC20E00AD5E48 /* Base */,
			);
			name = LaunchScreen.storyboard;
			sourceTree = "<group>";
		};
		201670F22CCCC20E00AD5E48 /* Main.storyboard */ = {
			isa = PBXVariantGroup;
			children = (
				201670F12CCCC20E00AD5E48 /* Base */,
			);
			name = Main.storyboard;
			sourceTree = "<group>";
		};
/* End PBXVariantGroup section */

/* Begin XCBuildConfiguration section */
		201670D82CCCBF2B00AD5E48 /* Debug */ = {
			isa = XCBuildConfiguration;
			buildSettings = {
				ASSETCATALOG_COMPILER_APPICON_NAME = AppIcon;
				ASSETCATALOG_COMPILER_GLOBAL_ACCENT_COLOR_NAME = AccentColor;
				CODE_SIGN_STYLE = Automatic;
				CURRENT_PROJECT_VERSION = 1;
				GENERATE_INFOPLIST_FILE = YES;
				INFOPLIST_FILE = uitestelements2/Info.plist;
				INFOPLIST_KEY_UIApplicationSupportsIndirectInputEvents = YES;
				INFOPLIST_KEY_UILaunchStoryboardName = LaunchScreen;
				INFOPLIST_KEY_UIMainStoryboardFile = Main;
				INFOPLIST_KEY_UISupportedInterfaceOrientations_iPad = "UIInterfaceOrientationPortrait UIInterfaceOrientationPortraitUpsideDown UIInterfaceOrientationLandscapeLeft UIInterfaceOrientationLandscapeRight";
				INFOPLIST_KEY_UISupportedInterfaceOrientations_iPhone = "UIInterfaceOrientationPortrait UIInterfaceOrientationLandscapeLeft UIInterfaceOrientationLandscapeRight";
				LD_RUNPATH_SEARCH_PATHS = (
					"$(inherited)",
					"@executable_path/Frameworks",
				);
				MARKETING_VERSION = 1.0;
				PRODUCT_BUNDLE_IDENTIFIER = Coding.uitestelements2;
				PRODUCT_NAME = "$(TARGET_NAME)";
				SWIFT_EMIT_LOC_STRINGS = YES;
				SWIFT_VERSION = 5.0;
				TARGETED_DEVICE_FAMILY = "1,2";
			};
			name = Debug;
		};
		201670D92CCCBF2B00AD5E48 /* Release */ = {
			isa = XCBuildConfiguration;
			buildSettings = {
				ASSETCATALOG_COMPILER_APPICON_NAME = AppIcon;
				ASSETCATALOG_COMPILER_GLOBAL_ACCENT_COLOR_NAME = AccentColor;
				CODE_SIGN_STYLE = Automatic;
				CURRENT_PROJECT_VERSION = 1;
				GENERATE_INFOPLIST_FILE = YES;
				INFOPLIST_FILE = uitestelements2/Info.plist;
				INFOPLIST_KEY_UIApplicationSupportsIndirectInputEvents = YES;
				INFOPLIST_KEY_UILaunchStoryboardName = LaunchScreen;
				INFOPLIST_KEY_UIMainStoryboardFile = Main;
				INFOPLIST_KEY_UISupportedInterfaceOrientations_iPad = "UIInterfaceOrientationPortrait UIInterfaceOrientationPortraitUpsideDown UIInterfaceOrientationLandscapeLeft UIInterfaceOrientationLandscapeRight";
				INFOPLIST_KEY_UISupportedInterfaceOrientations_iPhone = "UIInterfaceOrientationPortrait UIInterfaceOrientationLandscapeLeft UIInterfaceOrientationLandscapeRight";
				LD_RUNPATH_SEARCH_PATHS = (
					"$(inherited)",
					"@executable_path/Frameworks",
				);
				MARKETING_VERSION = 1.0;
				PRODUCT_BUNDLE_IDENTIFIER = Coding.uitestelements2;
				PRODUCT_NAME = "$(TARGET_NAME)";
				SWIFT_EMIT_LOC_STRINGS = YES;
				SWIFT_VERSION = 5.0;
				TARGETED_DEVICE_FAMILY = "1,2";
			};
			name = Release;
		};
		201670DB2CCCBF2B00AD5E48 /* Debug */ = {
			isa = XCBuildConfiguration;
			buildSettings = {
				ALWAYS_SEARCH_USER_PATHS = NO;
				ASSETCATALOG_COMPILER_GENERATE_SWIFT_ASSET_SYMBOL_EXTENSIONS = YES;
				CLANG_ANALYZER_NONNULL = YES;
				CLANG_ANALYZER_NUMBER_OBJECT_CONVERSION = YES_AGGRESSIVE;
				CLANG_CXX_LANGUAGE_STANDARD = "gnu++20";
				CLANG_ENABLE_MODULES = YES;
				CLANG_ENABLE_OBJC_ARC = YES;
				CLANG_ENABLE_OBJC_WEAK = YES;
				CLANG_WARN_BLOCK_CAPTURE_AUTORELEASING = YES;
				CLANG_WARN_BOOL_CONVERSION = YES;
				CLANG_WARN_COMMA = YES;
				CLANG_WARN_CONSTANT_CONVERSION = YES;
				CLANG_WARN_DEPRECATED_OBJC_IMPLEMENTATIONS = YES;
				CLANG_WARN_DIRECT_OBJC_ISA_USAGE = YES_ERROR;
				CLANG_WARN_DOCUMENTATION_COMMENTS = YES;
				CLANG_WARN_EMPTY_BODY = YES;
				CLANG_WARN_ENUM_CONVERSION = YES;
				CLANG_WARN_INFINITE_RECURSION = YES;
				CLANG_WARN_INT_CONVERSION = YES;
				CLANG_WARN_NON_LITERAL_NULL_CONVERSION = YES;
				CLANG_WARN_OBJC_IMPLICIT_RETAIN_SELF = YES;
				CLANG_WARN_OBJC_LITERAL_CONVERSION = YES;
				CLANG_WARN_OBJC_ROOT_CLASS = YES_ERROR;
				CLANG_WARN_QUOTED_INCLUDE_IN_FRAMEWORK_HEADER = YES;
				CLANG_WARN_RANGE_LOOP_ANALYSIS = YES;
				CLANG_WARN_STRICT_PROTOTYPES = YES;
				CLANG_WARN_SUSPICIOUS_MOVE = YES;
				CLANG_WARN_UNGUARDED_AVAILABILITY = YES_AGGRESSIVE;
				CLANG_WARN_UNREACHABLE_CODE = YES;
				CLANG_WARN__DUPLICATE_METHOD_MATCH = YES;
				COPY_PHASE_STRIP = NO;
				DEBUG_INFORMATION_FORMAT = dwarf;
				ENABLE_STRICT_OBJC_MSGSEND = YES;
				ENABLE_TESTABILITY = YES;
				ENABLE_USER_SCRIPT_SANDBOXING = YES;
				GCC_C_LANGUAGE_STANDARD = gnu17;
				GCC_DYNAMIC_NO_PIC = NO;
				GCC_NO_COMMON_BLOCKS = YES;
				GCC_OPTIMIZATION_LEVEL = 0;
				GCC_PREPROCESSOR_DEFINITIONS = (
					"DEBUG=1",
					"$(inherited)",
				);
				GCC_WARN_64_TO_32_BIT_CONVERSION = YES;
				GCC_WARN_ABOUT_RETURN_TYPE = YES_ERROR;
				GCC_WARN_UNDECLARED_SELECTOR = YES;
				GCC_WARN_UNINITIALIZED_AUTOS = YES_AGGRESSIVE;
				GCC_WARN_UNUSED_FUNCTION = YES;
				GCC_WARN_UNUSED_VARIABLE = YES;
				IPHONEOS_DEPLOYMENT_TARGET = 18.0;
				LOCALIZATION_PREFERS_STRING_CATALOGS = YES;
				MTL_ENABLE_DEBUG_INFO = INCLUDE_SOURCE;
				MTL_FAST_MATH = YES;
				ONLY_ACTIVE_ARCH = YES;
				SDKROOT = iphoneos;
				SWIFT_ACTIVE_COMPILATION_CONDITIONS = "DEBUG $(inherited)";
				SWIFT_OPTIMIZATION_LEVEL = "-Onone";
			};
			name = Debug;
		};
		201670DC2CCCBF2B00AD5E48 /* Release */ = {
			isa = XCBuildConfiguration;
			buildSettings = {
				ALWAYS_SEARCH_USER_PATHS = NO;
				ASSETCATALOG_COMPILER_GENERATE_SWIFT_ASSET_SYMBOL_EXTENSIONS = YES;
				CLANG_ANALYZER_NONNULL = YES;
				CLANG_ANALYZER_NUMBER_OBJECT_CONVERSION = YES_AGGRESSIVE;
				CLANG_CXX_LANGUAGE_STANDARD = "gnu++20";
				CLANG_ENABLE_MODULES = YES;
				CLANG_ENABLE_OBJC_ARC = YES;
				CLANG_ENABLE_OBJC_WEAK = YES;
				CLANG_WARN_BLOCK_CAPTURE_AUTORELEASING = YES;
				CLANG_WARN_BOOL_CONVERSION = YES;
				CLANG_WARN_COMMA = YES;
				CLANG_WARN_CONSTANT_CONVERSION = YES;
				CLANG_WARN_DEPRECATED_OBJC_IMPLEMENTATIONS = YES;
				CLANG_WARN_DIRECT_OBJC_ISA_USAGE = YES_ERROR;
				CLANG_WARN_DOCUMENTATION_COMMENTS = YES;
				CLANG_WARN_EMPTY_BODY = YES;
				CLANG_WARN_ENUM_CONVERSION = YES;
				CLANG_WARN_INFINITE_RECURSION = YES;
				CLANG_WARN_INT_CONVERSION = YES;
				CLANG_WARN_NON_LITERAL_NULL_CONVERSION = YES;
				CLANG_WARN_OBJC_IMPLICIT_RETAIN_SELF = YES;
				CLANG_WARN_OBJC_LITERAL_CONVERSION = YES;
				CLANG_WARN_OBJC_ROOT_CLASS = YES_ERROR;
				CLANG_WARN_QUOTED_INCLUDE_IN_FRAMEWORK_HEADER = YES;
				CLANG_WARN_RANGE_LOOP_ANALYSIS = YES;
				CLANG_WARN_STRICT_PROTOTYPES = YES;
				CLANG_WARN_SUSPICIOUS_MOVE = YES;
				CLANG_WARN_UNGUARDED_AVAILABILITY = YES_AGGRESSIVE;
				CLANG_WARN_UNREACHABLE_CODE = YES;
				CLANG_WARN__DUPLICATE_METHOD_MATCH = YES;
				COPY_PHASE_STRIP = NO;
				DEBUG_INFORMATION_FORMAT = "dwarf-with-dsym";
				ENABLE_NS_ASSERTIONS = NO;
				ENABLE_STRICT_OBJC_MSGSEND = YES;
				ENABLE_USER_SCRIPT_SANDBOXING = YES;
				GCC_C_LANGUAGE_STANDARD = gnu17;
				GCC_NO_COMMON_BLOCKS = YES;
				GCC_WARN_64_TO_32_BIT_CONVERSION = YES;
				GCC_WARN_ABOUT_RETURN_TYPE = YES_ERROR;
				GCC_WARN_UNDECLARED_SELECTOR = YES;
				GCC_WARN_UNINITIALIZED_AUTOS = YES_AGGRESSIVE;
				GCC_WARN_UNUSED_FUNCTION = YES;
				GCC_WARN_UNUSED_VARIABLE = YES;
				IPHONEOS_DEPLOYMENT_TARGET = 18.0;
				LOCALIZATION_PREFERS_STRING_CATALOGS = YES;
				MTL_ENABLE_DEBUG_INFO = NO;
				MTL_FAST_MATH = YES;
				SDKROOT = iphoneos;
				SWIFT_COMPILATION_MODE = wholemodule;
				VALIDATE_PRODUCT = YES;
			};
			name = Release;
		};
		201670EA2CCCC1FC00AD5E48 /* Debug */ = {
			isa = XCBuildConfiguration;
			buildSettings = {
				CODE_SIGN_STYLE = Automatic;
				CURRENT_PROJECT_VERSION = 1;
				GENERATE_INFOPLIST_FILE = YES;
				IPHONEOS_DEPLOYMENT_TARGET = 18.0;
				MACOSX_DEPLOYMENT_TARGET = 14.5;
				MARKETING_VERSION = 1.0;
				PRODUCT_BUNDLE_IDENTIFIER = Coding.uitestelements2UITests;
				PRODUCT_NAME = "$(TARGET_NAME)";
				SDKROOT = auto;
				SUPPORTED_PLATFORMS = "iphoneos iphonesimulator macosx xros xrsimulator";
				SWIFT_EMIT_LOC_STRINGS = NO;
				SWIFT_VERSION = 5.0;
				TARGETED_DEVICE_FAMILY = "1,2,7";
				TEST_TARGET_NAME = uitestelements2;
				XROS_DEPLOYMENT_TARGET = 2.0;
			};
			name = Debug;
		};
		201670EB2CCCC1FC00AD5E48 /* Release */ = {
			isa = XCBuildConfiguration;
			buildSettings = {
				CODE_SIGN_STYLE = Automatic;
				CURRENT_PROJECT_VERSION = 1;
				GENERATE_INFOPLIST_FILE = YES;
				IPHONEOS_DEPLOYMENT_TARGET = 18.0;
				MACOSX_DEPLOYMENT_TARGET = 14.5;
				MARKETING_VERSION = 1.0;
				PRODUCT_BUNDLE_IDENTIFIER = Coding.uitestelements2UITests;
				PRODUCT_NAME = "$(TARGET_NAME)";
				SDKROOT = auto;
				SUPPORTED_PLATFORMS = "iphoneos iphonesimulator macosx xros xrsimulator";
				SWIFT_EMIT_LOC_STRINGS = NO;
				SWIFT_VERSION = 5.0;
				TARGETED_DEVICE_FAMILY = "1,2,7";
				TEST_TARGET_NAME = uitestelements2;
				XROS_DEPLOYMENT_TARGET = 2.0;
			};
			name = Release;
		};
/* End XCBuildConfiguration section */

/* Begin XCConfigurationList section */
		201670BF2CCCBF2A00AD5E48 /* Build configuration list for PBXProject "uitestelements2" */ = {
			isa = XCConfigurationList;
			buildConfigurations = (
				201670DB2CCCBF2B00AD5E48 /* Debug */,
				201670DC2CCCBF2B00AD5E48 /* Release */,
			);
			defaultConfigurationIsVisible = 0;
			defaultConfigurationName = Release;
		};
		201670D72CCCBF2B00AD5E48 /* Build configuration list for PBXNativeTarget "uitestelements2" */ = {
			isa = XCConfigurationList;
			buildConfigurations = (
				201670D82CCCBF2B00AD5E48 /* Debug */,
				201670D92CCCBF2B00AD5E48 /* Release */,
			);
			defaultConfigurationIsVisible = 0;
			defaultConfigurationName = Release;
		};
		201670E92CCCC1FC00AD5E48 /* Build configuration list for PBXNativeTarget "uitestelements2UITests" */ = {
			isa = XCConfigurationList;
			buildConfigurations = (
				201670EA2CCCC1FC00AD5E48 /* Debug */,
				201670EB2CCCC1FC00AD5E48 /* Release */,
			);
			defaultConfigurationIsVisible = 0;
			defaultConfigurationName = Release;
		};
/* End XCConfigurationList section */
	};
	rootObject = 201670BC2CCCBF2A00AD5E48 /* Project object */;
}
