// !$*UTF8*$!
{
	archiveVersion = 1;
	classes = {
	};
	objectVersion = 77;
	objects = {

/* Begin PBXContainerItemProxy section */
		5110C0BF2CAF475200EBEFDE /* PBXContainerItemProxy */ = {
			isa = PBXContainerItemProxy;
			containerPortal = 5110C09D2CAF475000EBEFDE /* Project object */;
			proxyType = 1;
			remoteGlobalIDString = 5110C0A42CAF475000EBEFDE;
			remoteInfo = "Lista de contactos";
		};
		5110C0C92CAF475200EBEFDE /* PBXContainerItemProxy */ = {
			isa = PBXContainerItemProxy;
			containerPortal = 5110C09D2CAF475000EBEFDE /* Project object */;
			proxyType = 1;
			remoteGlobalIDString = 5110C0A42CAF475000EBEFDE;
			remoteInfo = "Lista de contactos";
		};
/* End PBXContainerItemProxy section */

/* Begin PBXFileReference section */
		5110C0A52CAF475000EBEFDE /* Lista de contactos.app */ = {isa = PBXFileReference; explicitFileType = wrapper.application; includeInIndex = 0; path = "Lista de contactos.app"; sourceTree = BUILT_PRODUCTS_DIR; };
		5110C0BE2CAF475200EBEFDE /* Lista de contactosTests.xctest */ = {isa = PBXFileReference; explicitFileType = wrapper.cfbundle; includeInIndex = 0; path = "Lista de contactosTests.xctest"; sourceTree = BUILT_PRODUCTS_DIR; };
		5110C0C82CAF475200EBEFDE /* Lista de contactosUITests.xctest */ = {isa = PBXFileReference; explicitFileType = wrapper.cfbundle; includeInIndex = 0; path = "Lista de contactosUITests.xctest"; sourceTree = BUILT_PRODUCTS_DIR; };
/* End PBXFileReference section */

/* Begin PBXFileSystemSynchronizedBuildFileExceptionSet section */
		5110C0D02CAF475200EBEFDE /* Exceptions for "Lista de contactos" folder in "Lista de contactos" target */ = {
			isa = PBXFileSystemSynchronizedBuildFileExceptionSet;
			membershipExceptions = (
				Info.plist,
			);
			target = 5110C0A42CAF475000EBEFDE /* Lista de contactos */;
		};
/* End PBXFileSystemSynchronizedBuildFileExceptionSet section */

/* Begin PBXFileSystemSynchronizedRootGroup section */
		5110C0A72CAF475000EBEFDE /* Lista de contactos */ = {
			isa = PBXFileSystemSynchronizedRootGroup;
			exceptions = (
				5110C0D02CAF475200EBEFDE /* Exceptions for "Lista de contactos" folder in "Lista de contactos" target */,
			);
			path = "Lista de contactos";
			sourceTree = "<group>";
		};
		5110C0C12CAF475200EBEFDE /* Lista de contactosTests */ = {
			isa = PBXFileSystemSynchronizedRootGroup;
			path = "Lista de contactosTests";
			sourceTree = "<group>";
		};
		5110C0CB2CAF475200EBEFDE /* Lista de contactosUITests */ = {
			isa = PBXFileSystemSynchronizedRootGroup;
			path = "Lista de contactosUITests";
			sourceTree = "<group>";
		};
/* End PBXFileSystemSynchronizedRootGroup section */

/* Begin PBXFrameworksBuildPhase section */
		5110C0A22CAF475000EBEFDE /* Frameworks */ = {
			isa = PBXFrameworksBuildPhase;
			buildActionMask = 2147483647;
			files = (
			);
			runOnlyForDeploymentPostprocessing = 0;
		};
		5110C0BB2CAF475200EBEFDE /* Frameworks */ = {
			isa = PBXFrameworksBuildPhase;
			buildActionMask = 2147483647;
			files = (
			);
			runOnlyForDeploymentPostprocessing = 0;
		};
		5110C0C52CAF475200EBEFDE /* Frameworks */ = {
			isa = PBXFrameworksBuildPhase;
			buildActionMask = 2147483647;
			files = (
			);
			runOnlyForDeploymentPostprocessing = 0;
		};
/* End PBXFrameworksBuildPhase section */

/* Begin PBXGroup section */
		5110C09C2CAF475000EBEFDE = {
			isa = PBXGroup;
			children = (
				5110C0A72CAF475000EBEFDE /* Lista de contactos */,
				5110C0C12CAF475200EBEFDE /* Lista de contactosTests */,
				5110C0CB2CAF475200EBEFDE /* Lista de contactosUITests */,
				5110C0A62CAF475000EBEFDE /* Products */,
			);
			sourceTree = "<group>";
		};
		5110C0A62CAF475000EBEFDE /* Products */ = {
			isa = PBXGroup;
			children = (
				5110C0A52CAF475000EBEFDE /* Lista de contactos.app */,
				5110C0BE2CAF475200EBEFDE /* Lista de contactosTests.xctest */,
				5110C0C82CAF475200EBEFDE /* Lista de contactosUITests.xctest */,
			);
			name = Products;
			sourceTree = "<group>";
		};
/* End PBXGroup section */

/* Begin PBXNativeTarget section */
		5110C0A42CAF475000EBEFDE /* Lista de contactos */ = {
			isa = PBXNativeTarget;
			buildConfigurationList = 5110C0D12CAF475200EBEFDE /* Build configuration list for PBXNativeTarget "Lista de contactos" */;
			buildPhases = (
				5110C0A12CAF475000EBEFDE /* Sources */,
				5110C0A22CAF475000EBEFDE /* Frameworks */,
				5110C0A32CAF475000EBEFDE /* Resources */,
			);
			buildRules = (
			);
			dependencies = (
			);
			fileSystemSynchronizedGroups = (
				5110C0A72CAF475000EBEFDE /* Lista de contactos */,
			);
			name = "Lista de contactos";
			packageProductDependencies = (
			);
			productName = "Lista de contactos";
			productReference = 5110C0A52CAF475000EBEFDE /* Lista de contactos.app */;
			productType = "com.apple.product-type.application";
		};
		5110C0BD2CAF475200EBEFDE /* Lista de contactosTests */ = {
			isa = PBXNativeTarget;
			buildConfigurationList = 5110C0D62CAF475200EBEFDE /* Build configuration list for PBXNativeTarget "Lista de contactosTests" */;
			buildPhases = (
				5110C0BA2CAF475200EBEFDE /* Sources */,
				5110C0BB2CAF475200EBEFDE /* Frameworks */,
				5110C0BC2CAF475200EBEFDE /* Resources */,
			);
			buildRules = (
			);
			dependencies = (
				5110C0C02CAF475200EBEFDE /* PBXTargetDependency */,
			);
			fileSystemSynchronizedGroups = (
				5110C0C12CAF475200EBEFDE /* Lista de contactosTests */,
			);
			name = "Lista de contactosTests";
			packageProductDependencies = (
			);
			productName = "Lista de contactosTests";
			productReference = 5110C0BE2CAF475200EBEFDE /* Lista de contactosTests.xctest */;
			productType = "com.apple.product-type.bundle.unit-test";
		};
		5110C0C72CAF475200EBEFDE /* Lista de contactosUITests */ = {
			isa = PBXNativeTarget;
			buildConfigurationList = 5110C0D92CAF475200EBEFDE /* Build configuration list for PBXNativeTarget "Lista de contactosUITests" */;
			buildPhases = (
				5110C0C42CAF475200EBEFDE /* Sources */,
				5110C0C52CAF475200EBEFDE /* Frameworks */,
				5110C0C62CAF475200EBEFDE /* Resources */,
			);
			buildRules = (
			);
			dependencies = (
				5110C0CA2CAF475200EBEFDE /* PBXTargetDependency */,
			);
			fileSystemSynchronizedGroups = (
				5110C0CB2CAF475200EBEFDE /* Lista de contactosUITests */,
			);
			name = "Lista de contactosUITests";
			packageProductDependencies = (
			);
			productName = "Lista de contactosUITests";
			productReference = 5110C0C82CAF475200EBEFDE /* Lista de contactosUITests.xctest */;
			productType = "com.apple.product-type.bundle.ui-testing";
		};
/* End PBXNativeTarget section */

/* Begin PBXProject section */
		5110C09D2CAF475000EBEFDE /* Project object */ = {
			isa = PBXProject;
			attributes = {
				BuildIndependentTargetsInParallel = 1;
				LastSwiftUpdateCheck = 1600;
				LastUpgradeCheck = 1600;
				TargetAttributes = {
					5110C0A42CAF475000EBEFDE = {
						CreatedOnToolsVersion = 16.0;
					};
					5110C0BD2CAF475200EBEFDE = {
						CreatedOnToolsVersion = 16.0;
						TestTargetID = 5110C0A42CAF475000EBEFDE;
					};
					5110C0C72CAF475200EBEFDE = {
						CreatedOnToolsVersion = 16.0;
						TestTargetID = 5110C0A42CAF475000EBEFDE;
					};
				};
			};
			buildConfigurationList = 5110C0A02CAF475000EBEFDE /* Build configuration list for PBXProject "Lista de contactos" */;
			developmentRegion = en;
			hasScannedForEncodings = 0;
			knownRegions = (
				en,
				Base,
			);
			mainGroup = 5110C09C2CAF475000EBEFDE;
			minimizedProjectReferenceProxies = 1;
			preferredProjectObjectVersion = 77;
			productRefGroup = 5110C0A62CAF475000EBEFDE /* Products */;
			projectDirPath = "";
			projectRoot = "";
			targets = (
				5110C0A42CAF475000EBEFDE /* Lista de contactos */,
				5110C0BD2CAF475200EBEFDE /* Lista de contactosTests */,
				5110C0C72CAF475200EBEFDE /* Lista de contactosUITests */,
			);
		};
/* End PBXProject section */

/* Begin PBXResourcesBuildPhase section */
		5110C0A32CAF475000EBEFDE /* Resources */ = {
			isa = PBXResourcesBuildPhase;
			buildActionMask = 2147483647;
			files = (
			);
			runOnlyForDeploymentPostprocessing = 0;
		};
		5110C0BC2CAF475200EBEFDE /* Resources */ = {
			isa = PBXResourcesBuildPhase;
			buildActionMask = 2147483647;
			files = (
			);
			runOnlyForDeploymentPostprocessing = 0;
		};
		5110C0C62CAF475200EBEFDE /* Resources */ = {
			isa = PBXResourcesBuildPhase;
			buildActionMask = 2147483647;
			files = (
			);
			runOnlyForDeploymentPostprocessing = 0;
		};
/* End PBXResourcesBuildPhase section */

/* Begin PBXSourcesBuildPhase section */
		5110C0A12CAF475000EBEFDE /* Sources */ = {
			isa = PBXSourcesBuildPhase;
			buildActionMask = 2147483647;
			files = (
			);
			runOnlyForDeploymentPostprocessing = 0;
		};
		5110C0BA2CAF475200EBEFDE /* Sources */ = {
			isa = PBXSourcesBuildPhase;
			buildActionMask = 2147483647;
			files = (
			);
			runOnlyForDeploymentPostprocessing = 0;
		};
		5110C0C42CAF475200EBEFDE /* Sources */ = {
			isa = PBXSourcesBuildPhase;
			buildActionMask = 2147483647;
			files = (
			);
			runOnlyForDeploymentPostprocessing = 0;
		};
/* End PBXSourcesBuildPhase section */

/* Begin PBXTargetDependency section */
		5110C0C02CAF475200EBEFDE /* PBXTargetDependency */ = {
			isa = PBXTargetDependency;
			target = 5110C0A42CAF475000EBEFDE /* Lista de contactos */;
			targetProxy = 5110C0BF2CAF475200EBEFDE /* PBXContainerItemProxy */;
		};
		5110C0CA2CAF475200EBEFDE /* PBXTargetDependency */ = {
			isa = PBXTargetDependency;
			target = 5110C0A42CAF475000EBEFDE /* Lista de contactos */;
			targetProxy = 5110C0C92CAF475200EBEFDE /* PBXContainerItemProxy */;
		};
/* End PBXTargetDependency section */

/* Begin XCBuildConfiguration section */
		5110C0D22CAF475200EBEFDE /* Debug */ = {
			isa = XCBuildConfiguration;
			buildSettings = {
				ASSETCATALOG_COMPILER_APPICON_NAME = AppIcon;
				ASSETCATALOG_COMPILER_GLOBAL_ACCENT_COLOR_NAME = AccentColor;
				CODE_SIGN_STYLE = Automatic;
				CURRENT_PROJECT_VERSION = 1;
				GENERATE_INFOPLIST_FILE = YES;
				INFOPLIST_FILE = "Lista de contactos/Info.plist";
				INFOPLIST_KEY_UIApplicationSupportsIndirectInputEvents = YES;
				INFOPLIST_KEY_UILaunchStoryboardName = LaunchScreen;
				INFOPLIST_KEY_UIMainStoryboardFile = Main;
				INFOPLIST_KEY_UISupportedInterfaceOrientations = UIInterfaceOrientationPortrait;
				INFOPLIST_KEY_UISupportedInterfaceOrientations_iPad = "UIInterfaceOrientationLandscapeLeft UIInterfaceOrientationLandscapeRight UIInterfaceOrientationPortrait UIInterfaceOrientationPortraitUpsideDown";
				LD_RUNPATH_SEARCH_PATHS = (
					"$(inherited)",
					"@executable_path/Frameworks",
				);
				MARKETING_VERSION = 1.0;
				PRODUCT_BUNDLE_IDENTIFIER = "com.holaa.app.Lista-de-contactos";
				PRODUCT_NAME = "$(TARGET_NAME)";
				SWIFT_EMIT_LOC_STRINGS = YES;
				SWIFT_VERSION = 5.0;
				TARGETED_DEVICE_FAMILY = "1,2";
			};
			name = Debug;
		};
		5110C0D32CAF475200EBEFDE /* Release */ = {
			isa = XCBuildConfiguration;
			buildSettings = {
				ASSETCATALOG_COMPILER_APPICON_NAME = AppIcon;
				ASSETCATALOG_COMPILER_GLOBAL_ACCENT_COLOR_NAME = AccentColor;
				CODE_SIGN_STYLE = Automatic;
				CURRENT_PROJECT_VERSION = 1;
				GENERATE_INFOPLIST_FILE = YES;
				INFOPLIST_FILE = "Lista de contactos/Info.plist";
				INFOPLIST_KEY_UIApplicationSupportsIndirectInputEvents = YES;
				INFOPLIST_KEY_UILaunchStoryboardName = LaunchScreen;
				INFOPLIST_KEY_UIMainStoryboardFile = Main;
				INFOPLIST_KEY_UISupportedInterfaceOrientations = UIInterfaceOrientationPortrait;
				INFOPLIST_KEY_UISupportedInterfaceOrientations_iPad = "UIInterfaceOrientationLandscapeLeft UIInterfaceOrientationLandscapeRight UIInterfaceOrientationPortrait UIInterfaceOrientationPortraitUpsideDown";
				LD_RUNPATH_SEARCH_PATHS = (
					"$(inherited)",
					"@executable_path/Frameworks",
				);
				MARKETING_VERSION = 1.0;
				PRODUCT_BUNDLE_IDENTIFIER = "com.holaa.app.Lista-de-contactos";
				PRODUCT_NAME = "$(TARGET_NAME)";
				SWIFT_EMIT_LOC_STRINGS = YES;
				SWIFT_VERSION = 5.0;
				TARGETED_DEVICE_FAMILY = "1,2";
			};
			name = Release;
		};
		5110C0D42CAF475200EBEFDE /* Debug */ = {
			isa = XCBuildConfiguration;
			buildSettings = {
				ALWAYS_SEARCH_USER_PATHS = NO;
				ASSETCATALOG_COMPILER_GENERATE_SWIFT_ASSET_SYMBOL_EXTENSIONS = YES;
				CLANG_ANALYZER_NONNULL = YES;
				CLANG_ANALYZER_NUMBER_OBJECT_CONVERSION = YES_AGGRESSIVE;
				CLANG_CXX_LANGUAGE_STANDARD = "gnu++20";
				CLANG_ENABLE_MODULES = YES;
				CLANG_ENABLE_OBJC_ARC = YES;
				CLANG_ENABLE_OBJC_WEAK = YES;
				CLANG_WARN_BLOCK_CAPTURE_AUTORELEASING = YES;
				CLANG_WARN_BOOL_CONVERSION = YES;
				CLANG_WARN_COMMA = YES;
				CLANG_WARN_CONSTANT_CONVERSION = YES;
				CLANG_WARN_DEPRECATED_OBJC_IMPLEMENTATIONS = YES;
				CLANG_WARN_DIRECT_OBJC_ISA_USAGE = YES_ERROR;
				CLANG_WARN_DOCUMENTATION_COMMENTS = YES;
				CLANG_WARN_EMPTY_BODY = YES;
				CLANG_WARN_ENUM_CONVERSION = YES;
				CLANG_WARN_INFINITE_RECURSION = YES;
				CLANG_WARN_INT_CONVERSION = YES;
				CLANG_WARN_NON_LITERAL_NULL_CONVERSION = YES;
				CLANG_WARN_OBJC_IMPLICIT_RETAIN_SELF = YES;
				CLANG_WARN_OBJC_LITERAL_CONVERSION = YES;
				CLANG_WARN_OBJC_ROOT_CLASS = YES_ERROR;
				CLANG_WARN_QUOTED_INCLUDE_IN_FRAMEWORK_HEADER = YES;
				CLANG_WARN_RANGE_LOOP_ANALYSIS = YES;
				CLANG_WARN_STRICT_PROTOTYPES = YES;
				CLANG_WARN_SUSPICIOUS_MOVE = YES;
				CLANG_WARN_UNGUARDED_AVAILABILITY = YES_AGGRESSIVE;
				CLANG_WARN_UNREACHABLE_CODE = YES;
				CLANG_WARN__DUPLICATE_METHOD_MATCH = YES;
				COPY_PHASE_STRIP = NO;
				DEBUG_INFORMATION_FORMAT = dwarf;
				ENABLE_STRICT_OBJC_MSGSEND = YES;
				ENABLE_TESTABILITY = YES;
				ENABLE_USER_SCRIPT_SANDBOXING = YES;
				GCC_C_LANGUAGE_STANDARD = gnu17;
				GCC_DYNAMIC_NO_PIC = NO;
				GCC_NO_COMMON_BLOCKS = YES;
				GCC_OPTIMIZATION_LEVEL = 0;
				GCC_PREPROCESSOR_DEFINITIONS = (
					"DEBUG=1",
					"$(inherited)",
				);
				GCC_WARN_64_TO_32_BIT_CONVERSION = YES;
				GCC_WARN_ABOUT_RETURN_TYPE = YES_ERROR;
				GCC_WARN_UNDECLARED_SELECTOR = YES;
				GCC_WARN_UNINITIALIZED_AUTOS = YES_AGGRESSIVE;
				GCC_WARN_UNUSED_FUNCTION = YES;
				GCC_WARN_UNUSED_VARIABLE = YES;
				IPHONEOS_DEPLOYMENT_TARGET = 18.0;
				LOCALIZATION_PREFERS_STRING_CATALOGS = YES;
				MTL_ENABLE_DEBUG_INFO = INCLUDE_SOURCE;
				MTL_FAST_MATH = YES;
				ONLY_ACTIVE_ARCH = YES;
				SDKROOT = iphoneos;
				SWIFT_ACTIVE_COMPILATION_CONDITIONS = "DEBUG $(inherited)";
				SWIFT_OPTIMIZATION_LEVEL = "-Onone";
			};
			name = Debug;
		};
		5110C0D52CAF475200EBEFDE /* Release */ = {
			isa = XCBuildConfiguration;
			buildSettings = {
				ALWAYS_SEARCH_USER_PATHS = NO;
				ASSETCATALOG_COMPILER_GENERATE_SWIFT_ASSET_SYMBOL_EXTENSIONS = YES;
				CLANG_ANALYZER_NONNULL = YES;
				CLANG_ANALYZER_NUMBER_OBJECT_CONVERSION = YES_AGGRESSIVE;
				CLANG_CXX_LANGUAGE_STANDARD = "gnu++20";
				CLANG_ENABLE_MODULES = YES;
				CLANG_ENABLE_OBJC_ARC = YES;
				CLANG_ENABLE_OBJC_WEAK = YES;
				CLANG_WARN_BLOCK_CAPTURE_AUTORELEASING = YES;
				CLANG_WARN_BOOL_CONVERSION = YES;
				CLANG_WARN_COMMA = YES;
				CLANG_WARN_CONSTANT_CONVERSION = YES;
				CLANG_WARN_DEPRECATED_OBJC_IMPLEMENTATIONS = YES;
				CLANG_WARN_DIRECT_OBJC_ISA_USAGE = YES_ERROR;
				CLANG_WARN_DOCUMENTATION_COMMENTS = YES;
				CLANG_WARN_EMPTY_BODY = YES;
				CLANG_WARN_ENUM_CONVERSION = YES;
				CLANG_WARN_INFINITE_RECURSION = YES;
				CLANG_WARN_INT_CONVERSION = YES;
				CLANG_WARN_NON_LITERAL_NULL_CONVERSION = YES;
				CLANG_WARN_OBJC_IMPLICIT_RETAIN_SELF = YES;
				CLANG_WARN_OBJC_LITERAL_CONVERSION = YES;
				CLANG_WARN_OBJC_ROOT_CLASS = YES_ERROR;
				CLANG_WARN_QUOTED_INCLUDE_IN_FRAMEWORK_HEADER = YES;
				CLANG_WARN_RANGE_LOOP_ANALYSIS = YES;
				CLANG_WARN_STRICT_PROTOTYPES = YES;
				CLANG_WARN_SUSPICIOUS_MOVE = YES;
				CLANG_WARN_UNGUARDED_AVAILABILITY = YES_AGGRESSIVE;
				CLANG_WARN_UNREACHABLE_CODE = YES;
				CLANG_WARN__DUPLICATE_METHOD_MATCH = YES;
				COPY_PHASE_STRIP = NO;
				DEBUG_INFORMATION_FORMAT = "dwarf-with-dsym";
				ENABLE_NS_ASSERTIONS = NO;
				ENABLE_STRICT_OBJC_MSGSEND = YES;
				ENABLE_USER_SCRIPT_SANDBOXING = YES;
				GCC_C_LANGUAGE_STANDARD = gnu17;
				GCC_NO_COMMON_BLOCKS = YES;
				GCC_WARN_64_TO_32_BIT_CONVERSION = YES;
				GCC_WARN_ABOUT_RETURN_TYPE = YES_ERROR;
				GCC_WARN_UNDECLARED_SELECTOR = YES;
				GCC_WARN_UNINITIALIZED_AUTOS = YES_AGGRESSIVE;
				GCC_WARN_UNUSED_FUNCTION = YES;
				GCC_WARN_UNUSED_VARIABLE = YES;
				IPHONEOS_DEPLOYMENT_TARGET = 18.0;
				LOCALIZATION_PREFERS_STRING_CATALOGS = YES;
				MTL_ENABLE_DEBUG_INFO = NO;
				MTL_FAST_MATH = YES;
				SDKROOT = iphoneos;
				SWIFT_COMPILATION_MODE = wholemodule;
				VALIDATE_PRODUCT = YES;
			};
			name = Release;
		};
		5110C0D72CAF475200EBEFDE /* Debug */ = {
			isa = XCBuildConfiguration;
			buildSettings = {
				BUNDLE_LOADER = "$(TEST_HOST)";
				CODE_SIGN_STYLE = Automatic;
				CURRENT_PROJECT_VERSION = 1;
				GENERATE_INFOPLIST_FILE = YES;
				IPHONEOS_DEPLOYMENT_TARGET = 18.0;
				MARKETING_VERSION = 1.0;
				PRODUCT_BUNDLE_IDENTIFIER = "com.holaa.app.Lista-de-contactosTests";
				PRODUCT_NAME = "$(TARGET_NAME)";
				SWIFT_EMIT_LOC_STRINGS = NO;
				SWIFT_VERSION = 5.0;
				TARGETED_DEVICE_FAMILY = "1,2";
				TEST_HOST = "$(BUILT_PRODUCTS_DIR)/Lista de contactos.app/$(BUNDLE_EXECUTABLE_FOLDER_PATH)/Lista de contactos";
			};
			name = Debug;
		};
		5110C0D82CAF475200EBEFDE /* Release */ = {
			isa = XCBuildConfiguration;
			buildSettings = {
				BUNDLE_LOADER = "$(TEST_HOST)";
				CODE_SIGN_STYLE = Automatic;
				CURRENT_PROJECT_VERSION = 1;
				GENERATE_INFOPLIST_FILE = YES;
				IPHONEOS_DEPLOYMENT_TARGET = 18.0;
				MARKETING_VERSION = 1.0;
				PRODUCT_BUNDLE_IDENTIFIER = "com.holaa.app.Lista-de-contactosTests";
				PRODUCT_NAME = "$(TARGET_NAME)";
				SWIFT_EMIT_LOC_STRINGS = NO;
				SWIFT_VERSION = 5.0;
				TARGETED_DEVICE_FAMILY = "1,2";
				TEST_HOST = "$(BUILT_PRODUCTS_DIR)/Lista de contactos.app/$(BUNDLE_EXECUTABLE_FOLDER_PATH)/Lista de contactos";
			};
			name = Release;
		};
		5110C0DA2CAF475200EBEFDE /* Debug */ = {
			isa = XCBuildConfiguration;
			buildSettings = {
				CODE_SIGN_STYLE = Automatic;
				CURRENT_PROJECT_VERSION = 1;
				GENERATE_INFOPLIST_FILE = YES;
				MARKETING_VERSION = 1.0;
				PRODUCT_BUNDLE_IDENTIFIER = "com.holaa.app.Lista-de-contactosUITests";
				PRODUCT_NAME = "$(TARGET_NAME)";
				SWIFT_EMIT_LOC_STRINGS = NO;
				SWIFT_VERSION = 5.0;
				TARGETED_DEVICE_FAMILY = "1,2";
				TEST_TARGET_NAME = "Lista de contactos";
			};
			name = Debug;
		};
		5110C0DB2CAF475200EBEFDE /* Release */ = {
			isa = XCBuildConfiguration;
			buildSettings = {
				CODE_SIGN_STYLE = Automatic;
				CURRENT_PROJECT_VERSION = 1;
				GENERATE_INFOPLIST_FILE = YES;
				MARKETING_VERSION = 1.0;
				PRODUCT_BUNDLE_IDENTIFIER = "com.holaa.app.Lista-de-contactosUITests";
				PRODUCT_NAME = "$(TARGET_NAME)";
				SWIFT_EMIT_LOC_STRINGS = NO;
				SWIFT_VERSION = 5.0;
				TARGETED_DEVICE_FAMILY = "1,2";
				TEST_TARGET_NAME = "Lista de contactos";
			};
			name = Release;
		};
/* End XCBuildConfiguration section */

/* Begin XCConfigurationList section */
		5110C0A02CAF475000EBEFDE /* Build configuration list for PBXProject "Lista de contactos" */ = {
			isa = XCConfigurationList;
			buildConfigurations = (
				5110C0D42CAF475200EBEFDE /* Debug */,
				5110C0D52CAF475200EBEFDE /* Release */,
			);
			defaultConfigurationIsVisible = 0;
			defaultConfigurationName = Release;
		};
		5110C0D12CAF475200EBEFDE /* Build configuration list for PBXNativeTarget "Lista de contactos" */ = {
			isa = XCConfigurationList;
			buildConfigurations = (
				5110C0D22CAF475200EBEFDE /* Debug */,
				5110C0D32CAF475200EBEFDE /* Release */,
			);
			defaultConfigurationIsVisible = 0;
			defaultConfigurationName = Release;
		};
		5110C0D62CAF475200EBEFDE /* Build configuration list for PBXNativeTarget "Lista de contactosTests" */ = {
			isa = XCConfigurationList;
			buildConfigurations = (
				5110C0D72CAF475200EBEFDE /* Debug */,
				5110C0D82CAF475200EBEFDE /* Release */,
			);
			defaultConfigurationIsVisible = 0;
			defaultConfigurationName = Release;
		};
		5110C0D92CAF475200EBEFDE /* Build configuration list for PBXNativeTarget "Lista de contactosUITests" */ = {
			isa = XCConfigurationList;
			buildConfigurations = (
				5110C0DA2CAF475200EBEFDE /* Debug */,
				5110C0DB2CAF475200EBEFDE /* Release */,
			);
			defaultConfigurationIsVisible = 0;
			defaultConfigurationName = Release;
		};
/* End XCConfigurationList section */
	};
	rootObject = 5110C09D2CAF475000EBEFDE /* Project object */;
}
